{
  "name": "gas-gmail",
  "lockfileVersion": 3,
  "requires": true,
  "packages": {
    "": {
      "dependencies": {
        "@typescript/native-preview": "^7.0.0-dev.20250715.1"
      }
    },
    "node_modules/@typescript/native-preview": {
      "version": "7.0.0-dev.20250715.1",
      "resolved": "https://registry.npmjs.org/@typescript/native-preview/-/native-preview-7.0.0-dev.20250715.1.tgz",
      "integrity": "sha512-ERGOPC6ioxU2p1uaj71QXytY/AsTr73OfWe+nSKaDWhwkQSxJBYGdlZpFIKaztYwmA/lH664b/r2+3VhM/+abQ==",
      "license": "Apache-2.0",
      "bin": {
        "tsgo": "bin/tsgo.js"
      },
      "engines": {
        "node": ">=20.6.0"
      },
      "optionalDependencies": {
        "@typescript/native-preview-darwin-arm64": "7.0.0-dev.20250715.1",
        "@typescript/native-preview-darwin-x64": "7.0.0-dev.20250715.1",
        "@typescript/native-preview-linux-arm": "7.0.0-dev.20250715.1",
        "@typescript/native-preview-linux-arm64": "7.0.0-dev.20250715.1",
        "@typescript/native-preview-linux-x64": "7.0.0-dev.20250715.1",
        "@typescript/native-preview-win32-arm64": "7.0.0-dev.20250715.1",
        "@typescript/native-preview-win32-x64": "7.0.0-dev.20250715.1"
      }
    },
    "node_modules/@typescript/native-preview-darwin-arm64": {
      "version": "7.0.0-dev.20250715.1",
      "resolved": "https://registry.npmjs.org/@typescript/native-preview-darwin-arm64/-/native-preview-darwin-arm64-7.0.0-dev.20250715.1.tgz",
      "integrity": "sha512-l9VZ9wSE1S6tXjV4g9yAdKuKplXanwzKol+YY5h+cKOuAiWjfJbnjmRLswNOaVygH94uHlFjH58pEKo/nUo03w==",
      "cpu": [
        "arm64"
      ],
      "license": "Apache-2.0",
      "optional": true,
      "os": [
        "darwin"
      ],
      "engines": {
        "node": ">=20.6.0"
      }
    },
    "node_modules/@typescript/native-preview-darwin-x64": {
      "version": "7.0.0-dev.20250715.1",
      "resolved": "https://registry.npmjs.org/@typescript/native-preview-darwin-x64/-/native-preview-darwin-x64-7.0.0-dev.20250715.1.tgz",
      "integrity": "sha512-iChdpVtqSwNt2Yiv31lsQkkHf5kZvfhcxiNPdCAhFBEkFKoJ6Fq/YAK/+SCE/YA9ZPZZ4kbYQ4P1Ep6wcJ/r+A==",
      "cpu": [
        "x64"
      ],
      "license": "Apache-2.0",
      "optional": true,
      "os": [
        "darwin"
      ],
      "engines": {
        "node": ">=20.6.0"
      }
    },
    "node_modules/@typescript/native-preview-linux-arm": {
      "version": "7.0.0-dev.20250715.1",
      "resolved": "https://registry.npmjs.org/@typescript/native-preview-linux-arm/-/native-preview-linux-arm-7.0.0-dev.20250715.1.tgz",
      "integrity": "sha512-AWXj06twU9/0Pbz2im852iJPObAdcQ4friLNoPNUDFE05ItaOChdToTXbE+t0OkDE7mFQaR0Kh+RWG5E3sB5mA==",
      "cpu": [
        "arm"
      ],
      "license": "Apache-2.0",
      "optional": true,
      "os": [
        "linux"
      ],
      "engines": {
        "node": ">=20.6.0"
      }
    },
    "node_modules/@typescript/native-preview-linux-arm64": {
      "version": "7.0.0-dev.20250715.1",
      "resolved": "https://registry.npmjs.org/@typescript/native-preview-linux-arm64/-/native-preview-linux-arm64-7.0.0-dev.20250715.1.tgz",
      "integrity": "sha512-rp9OkZFVkNe9GSrVJ9naoR+Goc/JwgoycF6bPDzIawVlrFGSY0sn//R6bP+7nlDwgdokWcc47BSnAjJkBwaSiA==",
      "cpu": [
        "arm64"
      ],
      "license": "Apache-2.0",
      "optional": true,
      "os": [
        "linux"
      ],
      "engines": {
        "node": ">=20.6.0"
      }
    },
    "node_modules/@typescript/native-preview-linux-x64": {
      "version": "7.0.0-dev.20250715.1",
      "resolved": "https://registry.npmjs.org/@typescript/native-preview-linux-x64/-/native-preview-linux-x64-7.0.0-dev.20250715.1.tgz",
      "integrity": "sha512-/Ex+FRE+sjSfXYGPaL8YCKlqvFqq1jhhvSfSxs9PuC1tBBlHZatyDCCTu+c560VSaSwzh2xUaEEnmDCzt1kljw==",
      "cpu": [
        "x64"
      ],
      "license": "Apache-2.0",
      "optional": true,
      "os": [
        "linux"
      ],
      "engines": {
        "node": ">=20.6.0"
      }
    },
    "node_modules/@typescript/native-preview-win32-arm64": {
      "version": "7.0.0-dev.20250715.1",
      "resolved": "https://registry.npmjs.org/@typescript/native-preview-win32-arm64/-/native-preview-win32-arm64-7.0.0-dev.20250715.1.tgz",
      "integrity": "sha512-f+y3p9KfuHe3fzXWUUh5qGlF9NyaHn7lN0FiQjQyuhD8dGiFWYzrH9BYtz4vLbJW/jHiHnuibeeCpEZR7KCwxg==",
      "cpu": [
        "arm64"
      ],
      "license": "Apache-2.0",
      "optional": true,
      "os": [
        "win32"
      ],
      "engines": {
        "node": ">=20.6.0"
      }
    },
    "node_modules/@typescript/native-preview-win32-x64": {
      "version": "7.0.0-dev.20250715.1",
      "resolved": "https://registry.npmjs.org/@typescript/native-preview-win32-x64/-/native-preview-win32-x64-7.0.0-dev.20250715.1.tgz",
      "integrity": "sha512-kt3eBXEBc+kbAtxm/dhrK3w4rvLnTXy8AVjoZAELyYlBxVhWadtyy+Y7uCqq59+Udw+bX/iz66z0zs8GIKWb2g==",
      "cpu": [
        "x64"
      ],
      "license": "Apache-2.0",
      "optional": true,
      "os": [
        "win32"
      ],
      "engines": {
        "node": ">=20.6.0"
      }
    }
  }
}
